
Microsoft Visual Studio Solution File, Format Version 12.00
Project("{FAE04EC0-301F-11D3-BF4B-00C04F79EFBC}") = "Task1", "Task1\Task1.csproj", "{F1F3472E-551E-4D33-BAFC-AC3D91FFAD07}"
EndProject
Project("{FAE04EC0-301F-11D3-BF4B-00C04F79EFBC}") = "Task2", "Task2\Task2.csproj", "{287D38F1-0448-44A9-8A13-6D5DA7B9ABA8}"
EndProject
Global
	GlobalSection(SolutionConfigurationPlatforms) = preSolution
		Debug|Any CPU = Debug|Any CPU
		Release|Any CPU = Release|Any CPU
	EndGlobalSection
	GlobalSection(ProjectConfigurationPlatforms) = postSolution
		{F1F3472E-551E-4D33-BAFC-AC3D91FFAD07}.Debug|Any CPU.ActiveCfg = Debug|Any CPU
		{F1F3472E-551E-4D33-BAFC-AC3D91FFAD07}.Debug|Any CPU.Build.0 = Debug|Any CPU
		{F1F3472E-551E-4D33-BAFC-AC3D91FFAD07}.Release|Any CPU.ActiveCfg = Release|Any CPU
		{F1F3472E-551E-4D33-BAFC-AC3D91FFAD07}.Release|Any CPU.Build.0 = Release|Any CPU
		{287D38F1-0448-44A9-8A13-6D5DA7B9ABA8}.Debug|Any CPU.ActiveCfg = Debug|Any CPU
		{287D38F1-0448-44A9-8A13-6D5DA7B9ABA8}.Debug|Any CPU.Build.0 = Debug|Any CPU
		{287D38F1-0448-44A9-8A13-6D5DA7B9ABA8}.Release|Any CPU.ActiveCfg = Release|Any CPU
		{287D38F1-0448-44A9-8A13-6D5DA7B9ABA8}.Release|Any CPU.Build.0 = Release|Any CPU
	EndGlobalSection
EndGlobal
